
Microsoft Visual Studio Solution File, Format Version 12.00
# Visual Studio Version 17
VisualStudioVersion = 17.3.32819.101
MinimumVisualStudioVersion = 10.0.40219.1
Project("{FAE04EC0-301F-11D3-BF4B-00C04F79EFBC}") = "msixexec", "msixexec.csproj", "{47681884-530F-4114-B4D5-B0520D3A7A54}"
EndProject
Global
	GlobalSection(SolutionConfigurationPlatforms) = preSolution
		Debug|Any CPU = Debug|Any CPU
		Release|Any CPU = Release|Any CPU
	EndGlobalSection
	GlobalSection(ProjectConfigurationPlatforms) = postSolution
		{47681884-530F-4114-B4D5-B0520D3A7A54}.Debug|Any CPU.ActiveCfg = Debug|Any CPU
		{47681884-530F-4114-B4D5-B0520D3A7A54}.Debug|Any CPU.Build.0 = Debug|Any CPU
		{47681884-530F-4114-B4D5-B0520D3A7A54}.Release|Any CPU.ActiveCfg = Release|Any CPU
		{47681884-530F-4114-B4D5-B0520D3A7A54}.Release|Any CPU.Build.0 = Release|Any CPU
	EndGlobalSection
	GlobalSection(SolutionProperties) = preSolution
		HideSolutionNode = FALSE
	EndGlobalSection
	GlobalSection(ExtensibilityGlobals) = postSolution
		SolutionGuid = {415095F4-2395-4CB3-9EC3-B7958A5762E3}
	EndGlobalSection
EndGlobal
